
Microsoft Visual Studio Solution File, Format Version 12.00
# Visual Studio Version 17
VisualStudioVersion = 17.0.31903.59
MinimumVisualStudioVersion = 10.0.40219.1
Project("{2150E333-8FDC-42A3-9474-1A3956D46DE8}") = "src", "src", "{827E0CD3-B72D-47B6-A68D-7590B98EB39B}"
EndProject
EndProject
Project("{FAE04EC0-301F-11D3-BF4B-00C04F79EFBC}") = "Vitrina.Dto", "src\Vitrina.Dto\Vitrina.Dto.csproj", "{E902B88A-C03A-46A9-8593-9B89321EACE3}"
EndProject
Project("{FAE04EC0-301F-11D3-BF4B-00C04F79EFBC}") = "Vitrina.Business", "src\Vitrina.Business\Vitrina.Business.csproj", "{8B0417A0-AB62-48CE-9164-E061ADCC7163}"
EndProject
Project("{FAE04EC0-301F-11D3-BF4B-00C04F79EFBC}") = "Vitrina.Data", "src\Vitrina.Data\Vitrina.Data.csproj", "{2B5F2704-4243-4734-832E-B3AA1F73DD19}"
EndProject
Project("{FAE04EC0-301F-11D3-BF4B-00C04F79EFBC}") = "Vitrina.Api", "src\Vitrina.Api\Vitrina.Api.csproj", "{D0E3816A-C1E1-4C1E-8B87-3C02796562C2}"
EndProject
Project("{FAE04EC0-301F-11D3-BF4B-00C04F79EFBC}") = "Vitrina.Business.Tests", "..\tests\Vitrina.Business.Tests\Vitrina.Business.Tests.csproj", "{AF2D6FBF-8EA5-4923-BFE7-025912227F94}"
EndProject
Project("{FAE04EC0-301F-11D3-BF4B-00C04F79EFBC}") = "Vitrina.Data.Tests", "..\tests\Vitrina.Data.Tests\Vitrina.Data.Tests.csproj", "{905C6C1C-C5E4-4CCE-B1C9-B44EA46BD61C}"
EndProject
Project("{FAE04EC0-301F-11D3-BF4B-00C04F79EFBC}") = "Vitrina.Api.Tests", "..\tests\Vitrina.Api.Tests\Vitrina.Api.Tests.csproj", "{7E3C1AA8-69B9-4755-BC2A-A7BFCBBDE303}"
EndProject
Global
	GlobalSection(SolutionConfigurationPlatforms) = preSolution
		Debug|Any CPU = Debug|Any CPU
		Debug|x64 = Debug|x64
		Debug|x86 = Debug|x86
		Release|Any CPU = Release|Any CPU
		Release|x64 = Release|x64
		Release|x86 = Release|x86
	EndGlobalSection
	GlobalSection(ProjectConfigurationPlatforms) = postSolution
		{E902B88A-C03A-46A9-8593-9B89321EACE3}.Debug|Any CPU.ActiveCfg = Debug|Any CPU
		{E902B88A-C03A-46A9-8593-9B89321EACE3}.Debug|Any CPU.Build.0 = Debug|Any CPU
		{E902B88A-C03A-46A9-8593-9B89321EACE3}.Debug|x64.ActiveCfg = Debug|Any CPU
		{E902B88A-C03A-46A9-8593-9B89321EACE3}.Debug|x64.Build.0 = Debug|Any CPU
		{E902B88A-C03A-46A9-8593-9B89321EACE3}.Debug|x86.ActiveCfg = Debug|Any CPU
		{E902B88A-C03A-46A9-8593-9B89321EACE3}.Debug|x86.Build.0 = Debug|Any CPU
		{E902B88A-C03A-46A9-8593-9B89321EACE3}.Release|Any CPU.ActiveCfg = Release|Any CPU
		{E902B88A-C03A-46A9-8593-9B89321EACE3}.Release|Any CPU.Build.0 = Release|Any CPU
		{E902B88A-C03A-46A9-8593-9B89321EACE3}.Release|x64.ActiveCfg = Release|Any CPU
		{E902B88A-C03A-46A9-8593-9B89321EACE3}.Release|x64.Build.0 = Release|Any CPU
		{E902B88A-C03A-46A9-8593-9B89321EACE3}.Release|x86.ActiveCfg = Release|Any CPU
		{E902B88A-C03A-46A9-8593-9B89321EACE3}.Release|x86.Build.0 = Release|Any CPU
		{8B0417A0-AB62-48CE-9164-E061ADCC7163}.Debug|Any CPU.ActiveCfg = Debug|Any CPU
		{8B0417A0-AB62-48CE-9164-E061ADCC7163}.Debug|Any CPU.Build.0 = Debug|Any CPU
		{8B0417A0-AB62-48CE-9164-E061ADCC7163}.Debug|x64.ActiveCfg = Debug|Any CPU
		{8B0417A0-AB62-48CE-9164-E061ADCC7163}.Debug|x64.Build.0 = Debug|Any CPU
		{8B0417A0-AB62-48CE-9164-E061ADCC7163}.Debug|x86.ActiveCfg = Debug|Any CPU
		{8B0417A0-AB62-48CE-9164-E061ADCC7163}.Debug|x86.Build.0 = Debug|Any CPU
		{8B0417A0-AB62-48CE-9164-E061ADCC7163}.Release|Any CPU.ActiveCfg = Release|Any CPU
		{8B0417A0-AB62-48CE-9164-E061ADCC7163}.Release|Any CPU.Build.0 = Release|Any CPU
		{8B0417A0-AB62-48CE-9164-E061ADCC7163}.Release|x64.ActiveCfg = Release|Any CPU
		{8B0417A0-AB62-48CE-9164-E061ADCC7163}.Release|x64.Build.0 = Release|Any CPU
		{8B0417A0-AB62-48CE-9164-E061ADCC7163}.Release|x86.ActiveCfg = Release|Any CPU
		{8B0417A0-AB62-48CE-9164-E061ADCC7163}.Release|x86.Build.0 = Release|Any CPU
		{2B5F2704-4243-4734-832E-B3AA1F73DD19}.Debug|Any CPU.ActiveCfg = Debug|Any CPU
		{2B5F2704-4243-4734-832E-B3AA1F73DD19}.Debug|Any CPU.Build.0 = Debug|Any CPU
		{2B5F2704-4243-4734-832E-B3AA1F73DD19}.Debug|x64.ActiveCfg = Debug|Any CPU
		{2B5F2704-4243-4734-832E-B3AA1F73DD19}.Debug|x64.Build.0 = Debug|Any CPU
		{2B5F2704-4243-4734-832E-B3AA1F73DD19}.Debug|x86.ActiveCfg = Debug|Any CPU
		{2B5F2704-4243-4734-832E-B3AA1F73DD19}.Debug|x86.Build.0 = Debug|Any CPU
		{2B5F2704-4243-4734-832E-B3AA1F73DD19}.Release|Any CPU.ActiveCfg = Release|Any CPU
		{2B5F2704-4243-4734-832E-B3AA1F73DD19}.Release|Any CPU.Build.0 = Release|Any CPU
		{2B5F2704-4243-4734-832E-B3AA1F73DD19}.Release|x64.ActiveCfg = Release|Any CPU
		{2B5F2704-4243-4734-832E-B3AA1F73DD19}.Release|x64.Build.0 = Release|Any CPU
		{2B5F2704-4243-4734-832E-B3AA1F73DD19}.Release|x86.ActiveCfg = Release|Any CPU
		{2B5F2704-4243-4734-832E-B3AA1F73DD19}.Release|x86.Build.0 = Release|Any CPU
		{D0E3816A-C1E1-4C1E-8B87-3C02796562C2}.Debug|Any CPU.ActiveCfg = Debug|Any CPU
		{D0E3816A-C1E1-4C1E-8B87-3C02796562C2}.Debug|Any CPU.Build.0 = Debug|Any CPU
		{D0E3816A-C1E1-4C1E-8B87-3C02796562C2}.Debug|x64.ActiveCfg = Debug|Any CPU
		{D0E3816A-C1E1-4C1E-8B87-3C02796562C2}.Debug|x64.Build.0 = Debug|Any CPU
		{D0E3816A-C1E1-4C1E-8B87-3C02796562C2}.Debug|x86.ActiveCfg = Debug|Any CPU
		{D0E3816A-C1E1-4C1E-8B87-3C02796562C2}.Debug|x86.Build.0 = Debug|Any CPU
		{D0E3816A-C1E1-4C1E-8B87-3C02796562C2}.Release|Any CPU.ActiveCfg = Release|Any CPU
		{D0E3816A-C1E1-4C1E-8B87-3C02796562C2}.Release|Any CPU.Build.0 = Release|Any CPU
		{D0E3816A-C1E1-4C1E-8B87-3C02796562C2}.Release|x64.ActiveCfg = Release|Any CPU
		{D0E3816A-C1E1-4C1E-8B87-3C02796562C2}.Release|x64.Build.0 = Release|Any CPU
		{D0E3816A-C1E1-4C1E-8B87-3C02796562C2}.Release|x86.ActiveCfg = Release|Any CPU
		{D0E3816A-C1E1-4C1E-8B87-3C02796562C2}.Release|x86.Build.0 = Release|Any CPU
		{AF2D6FBF-8EA5-4923-BFE7-025912227F94}.Debug|Any CPU.ActiveCfg = Debug|Any CPU
		{AF2D6FBF-8EA5-4923-BFE7-025912227F94}.Debug|Any CPU.Build.0 = Debug|Any CPU
		{AF2D6FBF-8EA5-4923-BFE7-025912227F94}.Debug|x64.ActiveCfg = Debug|Any CPU
		{AF2D6FBF-8EA5-4923-BFE7-025912227F94}.Debug|x64.Build.0 = Debug|Any CPU
		{AF2D6FBF-8EA5-4923-BFE7-025912227F94}.Debug|x86.ActiveCfg = Debug|Any CPU
		{AF2D6FBF-8EA5-4923-BFE7-025912227F94}.Debug|x86.Build.0 = Debug|Any CPU
		{AF2D6FBF-8EA5-4923-BFE7-025912227F94}.Release|Any CPU.ActiveCfg = Release|Any CPU
		{AF2D6FBF-8EA5-4923-BFE7-025912227F94}.Release|Any CPU.Build.0 = Release|Any CPU
		{AF2D6FBF-8EA5-4923-BFE7-025912227F94}.Release|x64.ActiveCfg = Release|Any CPU
		{AF2D6FBF-8EA5-4923-BFE7-025912227F94}.Release|x64.Build.0 = Release|Any CPU
		{AF2D6FBF-8EA5-4923-BFE7-025912227F94}.Release|x86.ActiveCfg = Release|Any CPU
		{AF2D6FBF-8EA5-4923-BFE7-025912227F94}.Release|x86.Build.0 = Release|Any CPU
		{905C6C1C-C5E4-4CCE-B1C9-B44EA46BD61C}.Debug|Any CPU.ActiveCfg = Debug|Any CPU
		{905C6C1C-C5E4-4CCE-B1C9-B44EA46BD61C}.Debug|Any CPU.Build.0 = Debug|Any CPU
		{905C6C1C-C5E4-4CCE-B1C9-B44EA46BD61C}.Debug|x64.ActiveCfg = Debug|Any CPU
		{905C6C1C-C5E4-4CCE-B1C9-B44EA46BD61C}.Debug|x64.Build.0 = Debug|Any CPU
		{905C6C1C-C5E4-4CCE-B1C9-B44EA46BD61C}.Debug|x86.ActiveCfg = Debug|Any CPU
		{905C6C1C-C5E4-4CCE-B1C9-B44EA46BD61C}.Debug|x86.Build.0 = Debug|Any CPU
		{905C6C1C-C5E4-4CCE-B1C9-B44EA46BD61C}.Release|Any CPU.ActiveCfg = Release|Any CPU
		{905C6C1C-C5E4-4CCE-B1C9-B44EA46BD61C}.Release|Any CPU.Build.0 = Release|Any CPU
		{905C6C1C-C5E4-4CCE-B1C9-B44EA46BD61C}.Release|x64.ActiveCfg = Release|Any CPU
		{905C6C1C-C5E4-4CCE-B1C9-B44EA46BD61C}.Release|x64.Build.0 = Release|Any CPU
		{905C6C1C-C5E4-4CCE-B1C9-B44EA46BD61C}.Release|x86.ActiveCfg = Release|Any CPU
		{905C6C1C-C5E4-4CCE-B1C9-B44EA46BD61C}.Release|x86.Build.0 = Release|Any CPU
		{7E3C1AA8-69B9-4755-BC2A-A7BFCBBDE303}.Debug|Any CPU.ActiveCfg = Debug|Any CPU
		{7E3C1AA8-69B9-4755-BC2A-A7BFCBBDE303}.Debug|Any CPU.Build.0 = Debug|Any CPU
		{7E3C1AA8-69B9-4755-BC2A-A7BFCBBDE303}.Debug|x64.ActiveCfg = Debug|Any CPU
		{7E3C1AA8-69B9-4755-BC2A-A7BFCBBDE303}.Debug|x64.Build.0 = Debug|Any CPU
		{7E3C1AA8-69B9-4755-BC2A-A7BFCBBDE303}.Debug|x86.ActiveCfg = Debug|Any CPU
		{7E3C1AA8-69B9-4755-BC2A-A7BFCBBDE303}.Debug|x86.Build.0 = Debug|Any CPU
		{7E3C1AA8-69B9-4755-BC2A-A7BFCBBDE303}.Release|Any CPU.ActiveCfg = Release|Any CPU
		{7E3C1AA8-69B9-4755-BC2A-A7BFCBBDE303}.Release|Any CPU.Build.0 = Release|Any CPU
		{7E3C1AA8-69B9-4755-BC2A-A7BFCBBDE303}.Release|x64.ActiveCfg = Release|Any CPU
		{7E3C1AA8-69B9-4755-BC2A-A7BFCBBDE303}.Release|x64.Build.0 = Release|Any CPU
		{7E3C1AA8-69B9-4755-BC2A-A7BFCBBDE303}.Release|x86.ActiveCfg = Release|Any CPU
		{7E3C1AA8-69B9-4755-BC2A-A7BFCBBDE303}.Release|x86.Build.0 = Release|Any CPU
	EndGlobalSection
	GlobalSection(SolutionProperties) = preSolution
		HideSolutionNode = FALSE
	EndGlobalSection
	GlobalSection(NestedProjects) = preSolution
		{E902B88A-C03A-46A9-8593-9B89321EACE3} = {827E0CD3-B72D-47B6-A68D-7590B98EB39B}
		{8B0417A0-AB62-48CE-9164-E061ADCC7163} = {827E0CD3-B72D-47B6-A68D-7590B98EB39B}
		{2B5F2704-4243-4734-832E-B3AA1F73DD19} = {827E0CD3-B72D-47B6-A68D-7590B98EB39B}
		{D0E3816A-C1E1-4C1E-8B87-3C02796562C2} = {827E0CD3-B72D-47B6-A68D-7590B98EB39B}
	EndGlobalSection
EndGlobal
